
Microsoft Visual Studio Solution File, Format Version 12.00
# Visual Studio Version 17
VisualStudioVersion = 17.5.33424.131
MinimumVisualStudioVersion = 10.0.40219.1
Project("{9A19103F-16F7-4668-BE54-9A1E7A4F7556}") = "VKDrive", "VKDrive.csproj", "{A555B17A-174E-4A46-8E7B-0A195AC61362}"
EndProject
Global
	GlobalSection(SolutionConfigurationPlatforms) = preSolution
		Debug|Any CPU = Debug|Any CPU
		Release|Any CPU = Release|Any CPU
	EndGlobalSection
	GlobalSection(ProjectConfigurationPlatforms) = postSolution
		{A555B17A-174E-4A46-8E7B-0A195AC61362}.Debug|Any CPU.ActiveCfg = Debug|Any CPU
		{A555B17A-174E-4A46-8E7B-0A195AC61362}.Debug|Any CPU.Build.0 = Debug|Any CPU
		{A555B17A-174E-4A46-8E7B-0A195AC61362}.Release|Any CPU.ActiveCfg = Release|Any CPU
		{A555B17A-174E-4A46-8E7B-0A195AC61362}.Release|Any CPU.Build.0 = Release|Any CPU
	EndGlobalSection
	GlobalSection(SolutionProperties) = preSolution
		HideSolutionNode = FALSE
	EndGlobalSection
	GlobalSection(ExtensibilityGlobals) = postSolution
		SolutionGuid = {1E8EF4C9-11A8-4062-9FFF-B1C7D88BC8FA}
	EndGlobalSection
EndGlobal
