
Microsoft Visual Studio Solution File, Format Version 12.00
# Visual Studio Version 17
VisualStudioVersion = 17.10.35122.118
MinimumVisualStudioVersion = 10.0.40219.1
Project("{9A19103F-16F7-4668-BE54-9A1E7A4F7556}") = "VKDrive.API", "VKDrive.API\VKDrive.API.csproj", "{5AFE67B1-EF44-443C-94B8-53EADF5BA45D}"
EndProject
Project("{9A19103F-16F7-4668-BE54-9A1E7A4F7556}") = "VKDrive.WinForms", "VKDrive.WinForms\VKDrive.WinForms.csproj", "{6A9C3922-1D28-44A1-A8F6-55E954AED3DD}"
EndProject
Project("{FAE04EC0-301F-11D3-BF4B-00C04F79EFBC}") = "SharedEntities", "SharedEntities\SharedEntities.csproj", "{24E4368D-C19B-410D-BC3B-388B6B20DBB4}"
EndProject
Global
	GlobalSection(SolutionConfigurationPlatforms) = preSolution
		Debug|Any CPU = Debug|Any CPU
		Release|Any CPU = Release|Any CPU
	EndGlobalSection
	GlobalSection(ProjectConfigurationPlatforms) = postSolution
		{5AFE67B1-EF44-443C-94B8-53EADF5BA45D}.Debug|Any CPU.ActiveCfg = Debug|Any CPU
		{5AFE67B1-EF44-443C-94B8-53EADF5BA45D}.Debug|Any CPU.Build.0 = Debug|Any CPU
		{5AFE67B1-EF44-443C-94B8-53EADF5BA45D}.Release|Any CPU.ActiveCfg = Release|Any CPU
		{5AFE67B1-EF44-443C-94B8-53EADF5BA45D}.Release|Any CPU.Build.0 = Release|Any CPU
		{6A9C3922-1D28-44A1-A8F6-55E954AED3DD}.Debug|Any CPU.ActiveCfg = Debug|Any CPU
		{6A9C3922-1D28-44A1-A8F6-55E954AED3DD}.Debug|Any CPU.Build.0 = Debug|Any CPU
		{6A9C3922-1D28-44A1-A8F6-55E954AED3DD}.Release|Any CPU.ActiveCfg = Release|Any CPU
		{6A9C3922-1D28-44A1-A8F6-55E954AED3DD}.Release|Any CPU.Build.0 = Release|Any CPU
		{24E4368D-C19B-410D-BC3B-388B6B20DBB4}.Debug|Any CPU.ActiveCfg = Debug|Any CPU
		{24E4368D-C19B-410D-BC3B-388B6B20DBB4}.Debug|Any CPU.Build.0 = Debug|Any CPU
		{24E4368D-C19B-410D-BC3B-388B6B20DBB4}.Release|Any CPU.ActiveCfg = Release|Any CPU
		{24E4368D-C19B-410D-BC3B-388B6B20DBB4}.Release|Any CPU.Build.0 = Release|Any CPU
	EndGlobalSection
	GlobalSection(SolutionProperties) = preSolution
		HideSolutionNode = FALSE
	EndGlobalSection
	GlobalSection(ExtensibilityGlobals) = postSolution
		SolutionGuid = {D4C7B9AB-5E04-45EE-91AF-1B1306A02329}
	EndGlobalSection
EndGlobal
